// !$*UTF8*$!
{
	archiveVersion = 1;
	classes = {
	};
	objectVersion = 60;
	objects = {

/* Begin PBXBuildFile section */
		1F7B6C532B5C400A00D9B001 /* SwiftHiltDemo_iOSApp.swift in Sources */ = {isa = PBXBuildFile; fileRef = 1F7B6C4F2B5C400A00D9B001 /* SwiftHiltDemo_iOSApp.swift */; };
		1F7B6C542B5C400A00D9B001 /* ContentView.swift in Sources */ = {isa = PBXBuildFile; fileRef = 1F7B6C502B5C400A00D9B001 /* ContentView.swift */; };
		1F7B6C552B5C400A00D9B001 /* Assets.xcassets in Resources */ = {isa = PBXBuildFile; fileRef = 1F7B6C512B5C400A00D9B001 /* Assets.xcassets */; };
 		A10000012E00000000000001 /* DI.swift in Sources */ = {isa = PBXBuildFile; fileRef = A1F000010000000000000001 /* DI.swift */; };
 		A10000032E00000000000001 /* HomeView.swift in Sources */ = {isa = PBXBuildFile; fileRef = A1F000020000000000000001 /* HomeView.swift */; };
 		A10000052E00000000000001 /* HomeViewModel.swift in Sources */ = {isa = PBXBuildFile; fileRef = A1F000030000000000000001 /* HomeViewModel.swift */; };
 		A10000072E00000000000001 /* UsersListView.swift in Sources */ = {isa = PBXBuildFile; fileRef = A1F000040000000000000001 /* UsersListView.swift */; };
 		A10000092E00000000000001 /* UsersListViewModel.swift in Sources */ = {isa = PBXBuildFile; fileRef = A1F000050000000000000001 /* UsersListViewModel.swift */; };
 		A100000B2E00000000000001 /* User.swift in Sources */ = {isa = PBXBuildFile; fileRef = A1F000060000000000000001 /* User.swift */; };
 		A100000D2E00000000000001 /* UserRepository.swift in Sources */ = {isa = PBXBuildFile; fileRef = A1F000070000000000000001 /* UserRepository.swift */; };
 		A100000F2E00000000000001 /* GetUserUseCase.swift in Sources */ = {isa = PBXBuildFile; fileRef = A1F000080000000000000001 /* GetUserUseCase.swift */; };
 		A10000112E00000000000001 /* GetUsersUseCase.swift in Sources */ = {isa = PBXBuildFile; fileRef = A1F000090000000000000001 /* GetUsersUseCase.swift */; };
 		A10000132E00000000000001 /* UserAPI.swift in Sources */ = {isa = PBXBuildFile; fileRef = A1F0000A0000000000000001 /* UserAPI.swift */; };
 		A10000152E00000000000001 /* UserDTO.swift in Sources */ = {isa = PBXBuildFile; fileRef = A1F0000B0000000000000001 /* UserDTO.swift */; };
 		A10000172E00000000000001 /* UserDataSource.swift in Sources */ = {isa = PBXBuildFile; fileRef = A1F0000C0000000000000001 /* UserDataSource.swift */; };
 		A10000192E00000000000001 /* UserRepositoryImpl.swift in Sources */ = {isa = PBXBuildFile; fileRef = A1F0000D0000000000000001 /* UserRepositoryImpl.swift */; };
/* End PBXBuildFile section */

/* Begin PBXFileReference section */
		1F7B6C4C2B5C400A00D9B001 /* SwiftHiltDemo_iOS.app */ = {isa = PBXFileReference; explicitFileType = wrapper.application; includeInIndex = 0; path = SwiftHiltDemo_iOS.app; sourceTree = BUILT_PRODUCTS_DIR; };
		1F7B6C4F2B5C400A00D9B001 /* SwiftHiltDemo_iOSApp.swift */ = {isa = PBXFileReference; lastKnownFileType = sourcecode.swift; path = SwiftHiltDemo_iOSApp.swift; sourceTree = "<group>"; };
		1F7B6C502B5C400A00D9B001 /* ContentView.swift */ = {isa = PBXFileReference; lastKnownFileType = sourcecode.swift; path = ContentView.swift; sourceTree = "<group>"; };
		1F7B6C512B5C400A00D9B001 /* Assets.xcassets */ = {isa = PBXFileReference; lastKnownFileType = folder.assetcatalog; path = Assets.xcassets; sourceTree = "<group>"; };
		1F7B6C562B5C400A00D9B001 /* Info.plist */ = {isa = PBXFileReference; lastKnownFileType = text.plist.xml; path = Info.plist; sourceTree = "<group>"; };
 		A1F000010000000000000001 /* DI.swift */ = {isa = PBXFileReference; lastKnownFileType = sourcecode.swift; path = App/DI.swift; sourceTree = "<group>"; };
 		A1F000020000000000000001 /* HomeView.swift */ = {isa = PBXFileReference; lastKnownFileType = sourcecode.swift; path = App/HomeView.swift; sourceTree = "<group>"; };
 		A1F000030000000000000001 /* HomeViewModel.swift */ = {isa = PBXFileReference; lastKnownFileType = sourcecode.swift; path = App/HomeViewModel.swift; sourceTree = "<group>"; };
 		A1F000040000000000000001 /* UsersListView.swift */ = {isa = PBXFileReference; lastKnownFileType = sourcecode.swift; path = App/UsersListView.swift; sourceTree = "<group>"; };
 		A1F000050000000000000001 /* UsersListViewModel.swift */ = {isa = PBXFileReference; lastKnownFileType = sourcecode.swift; path = App/UsersListViewModel.swift; sourceTree = "<group>"; };
 		A1F000060000000000000001 /* User.swift */ = {isa = PBXFileReference; lastKnownFileType = sourcecode.swift; path = Domain/User.swift; sourceTree = "<group>"; };
 		A1F000070000000000000001 /* UserRepository.swift */ = {isa = PBXFileReference; lastKnownFileType = sourcecode.swift; path = Domain/UserRepository.swift; sourceTree = "<group>"; };
 		A1F000080000000000000001 /* GetUserUseCase.swift */ = {isa = PBXFileReference; lastKnownFileType = sourcecode.swift; path = Domain/GetUserUseCase.swift; sourceTree = "<group>"; };
 		A1F000090000000000000001 /* GetUsersUseCase.swift */ = {isa = PBXFileReference; lastKnownFileType = sourcecode.swift; path = Domain/GetUsersUseCase.swift; sourceTree = "<group>"; };
 		A1F0000A0000000000000001 /* UserAPI.swift */ = {isa = PBXFileReference; lastKnownFileType = sourcecode.swift; path = Data/UserAPI.swift; sourceTree = "<group>"; };
 		A1F0000B0000000000000001 /* UserDTO.swift */ = {isa = PBXFileReference; lastKnownFileType = sourcecode.swift; path = Data/UserDTO.swift; sourceTree = "<group>"; };
 		A1F0000C0000000000000001 /* UserDataSource.swift */ = {isa = PBXFileReference; lastKnownFileType = sourcecode.swift; path = Data/UserDataSource.swift; sourceTree = "<group>"; };
 		A1F0000D0000000000000001 /* UserRepositoryImpl.swift */ = {isa = PBXFileReference; lastKnownFileType = sourcecode.swift; path = Data/UserRepositoryImpl.swift; sourceTree = "<group>"; };
/* End PBXFileReference section */

/* Begin PBXFrameworksBuildPhase section */
		1F7B6C482B5C400A00D9B001 /* Frameworks */ = {
			isa = PBXFrameworksBuildPhase;
			buildActionMask = 2147483647;
			files = (
			);
			runOnlyForDeploymentPostprocessing = 0;
		};
/* End PBXFrameworksBuildPhase section */

/* Begin PBXGroup section */
		1F7B6C422B5C400A00D9B001 = {
			isa = PBXGroup;
			children = (
				1F7B6C4E2B5C400A00D9B001 /* SwiftHiltDemo_iOS */,
				1F7B6C4D2B5C400A00D9B001 /* Products */,
			);
			sourceTree = "<group>";
		};
		1F7B6C4D2B5C400A00D9B001 /* Products */ = {
			isa = PBXGroup;
			children = (
				1F7B6C4C2B5C400A00D9B001 /* SwiftHiltDemo_iOS.app */,
			);
			name = Products;
			sourceTree = "<group>";
		};
		1F7B6C4E2B5C400A00D9B001 /* SwiftHiltDemo_iOS */ = {
			isa = PBXGroup;
			children = (
				1F7B6C4F2B5C400A00D9B001 /* SwiftHiltDemo_iOSApp.swift */,
				A1F000010000000000000001 /* DI.swift */,
				A1F000020000000000000001 /* HomeView.swift */,
				A1F000030000000000000001 /* HomeViewModel.swift */,
				A1F000040000000000000001 /* UsersListView.swift */,
				A1F000050000000000000001 /* UsersListViewModel.swift */,
				A1F000060000000000000001 /* User.swift */,
				A1F000070000000000000001 /* UserRepository.swift */,
				A1F000080000000000000001 /* GetUserUseCase.swift */,
				A1F000090000000000000001 /* GetUsersUseCase.swift */,
				A1F0000A0000000000000001 /* UserAPI.swift */,
				A1F0000B0000000000000001 /* UserDTO.swift */,
				A1F0000C0000000000000001 /* UserDataSource.swift */,
				A1F0000D0000000000000001 /* UserRepositoryImpl.swift */,
				1F7B6C512B5C400A00D9B001 /* Assets.xcassets */,
				1F7B6C562B5C400A00D9B001 /* Info.plist */,
			);
			path = SwiftHiltDemo_iOS;
			sourceTree = "<group>";
		};
/* End PBXGroup section */

/* Begin PBXNativeTarget section */
		1F7B6C4B2B5C400A00D9B001 /* SwiftHiltDemo_iOS */ = {
			isa = PBXNativeTarget;
			buildConfigurationList = 1F7B6C592B5C400A00D9B001 /* Build configuration list for PBXNativeTarget "SwiftHiltDemo_iOS" */;
			buildPhases = (
				1F7B6C472B5C400A00D9B001 /* Sources */,
				1F7B6C482B5C400A00D9B001 /* Frameworks */,
				1F7B6C492B5C400A00D9B001 /* Resources */,
			);
			buildRules = (
			);
			dependencies = (
			);
			name = SwiftHiltDemo_iOS;
			productName = SwiftHiltDemo_iOS;
			productReference = 1F7B6C4C2B5C400A00D9B001 /* SwiftHiltDemo_iOS.app */;
			productType = "com.apple.product-type.application";
		};
/* End PBXNativeTarget section */

/* Begin PBXProject section */
		1F7B6C432B5C400A00D9B001 /* Project object */ = {
			isa = PBXProject;
			attributes = {
				BuildIndependentTargetsInParallel = YES;
				LastSwiftUpdateCheck = 1500;
				LastUpgradeCheck = 1500;
				TargetAttributes = {
					1F7B6C4B2B5C400A00D9B001 = {
						CreatedOnToolsVersion = 15.0;
					};
				};
			};
			buildConfigurationList = 1F7B6C462B5C400A00D9B001 /* Build configuration list for PBXProject "SwiftHiltDemo_iOS" */;
			compatibilityVersion = "Xcode 14.0";
			developmentRegion = en;
			hasScannedForEncodings = 0;
			knownRegions = (
				en,
				Base,
			);
			mainGroup = 1F7B6C422B5C400A00D9B001;
			packageReferences = (
			);
			productRefGroup = 1F7B6C4D2B5C400A00D9B001 /* Products */;
			projectDirPath = "";
			projectRoot = "";
			targets = (
				1F7B6C4B2B5C400A00D9B001 /* SwiftHiltDemo_iOS */,
			);
		};
/* End PBXProject section */

/* Begin PBXResourcesBuildPhase section */
		1F7B6C492B5C400A00D9B001 /* Resources */ = {
			isa = PBXResourcesBuildPhase;
			buildActionMask = 2147483647;
			files = (
				1F7B6C552B5C400A00D9B001 /* Assets.xcassets in Resources */,
			);
			runOnlyForDeploymentPostprocessing = 0;
		};
/* End PBXResourcesBuildPhase section */

/* Begin PBXSourcesBuildPhase section */
		1F7B6C472B5C400A00D9B001 /* Sources */ = {
			isa = PBXSourcesBuildPhase;
			buildActionMask = 2147483647;
			files = (
				1F7B6C532B5C400A00D9B001 /* SwiftHiltDemo_iOSApp.swift in Sources */,
				A10000012E00000000000001 /* DI.swift in Sources */,
				A10000032E00000000000001 /* HomeView.swift in Sources */,
				A10000052E00000000000001 /* HomeViewModel.swift in Sources */,
				A10000072E00000000000001 /* UsersListView.swift in Sources */,
				A10000092E00000000000001 /* UsersListViewModel.swift in Sources */,
				A100000B2E00000000000001 /* User.swift in Sources */,
				A100000D2E00000000000001 /* UserRepository.swift in Sources */,
				A100000F2E00000000000001 /* GetUserUseCase.swift in Sources */,
				A10000112E00000000000001 /* GetUsersUseCase.swift in Sources */,
				A10000132E00000000000001 /* UserAPI.swift in Sources */,
				A10000152E00000000000001 /* UserDTO.swift in Sources */,
				A10000172E00000000000001 /* UserDataSource.swift in Sources */,
				A10000192E00000000000001 /* UserRepositoryImpl.swift in Sources */,
			);
			runOnlyForDeploymentPostprocessing = 0;
		};
/* End PBXSourcesBuildPhase section */

/* Begin XCBuildConfiguration section */
		1F7B6C572B5C400A00D9B001 /* Debug */ = {
			isa = XCBuildConfiguration;
			buildSettings = {
				CLANG_ENABLE_MODULES = YES;
				CURRENT_PROJECT_VERSION = 1;
				GENERATE_INFOPLIST_FILE = NO;
				IPHONEOS_DEPLOYMENT_TARGET = 13.0;
				MACOSX_DEPLOYMENT_TARGET = 13.0;
				MARKETING_VERSION = 1.0;
				PRODUCT_BUNDLE_IDENTIFIER = com.example.SwiftHiltDemoiOS;
				PRODUCT_NAME = "$(TARGET_NAME)";
				SDKROOT = iphoneos;
				SUPPORTED_PLATFORMS = "iphonesimulator iphoneos";
				SWIFT_EMIT_LOC_STRINGS = YES;
				SWIFT_VERSION = 5.0;
				TARGETED_DEVICE_FAMILY = "1,2";
			};
			name = Debug;
		};
		1F7B6C582B5C400A00D9B001 /* Release */ = {
			isa = XCBuildConfiguration;
			buildSettings = {
				CLANG_ENABLE_MODULES = YES;
				CURRENT_PROJECT_VERSION = 1;
				GENERATE_INFOPLIST_FILE = NO;
				IPHONEOS_DEPLOYMENT_TARGET = 13.0;
				MACOSX_DEPLOYMENT_TARGET = 13.0;
				MARKETING_VERSION = 1.0;
				PRODUCT_BUNDLE_IDENTIFIER = com.example.SwiftHiltDemoiOS;
				PRODUCT_NAME = "$(TARGET_NAME)";
				SDKROOT = iphoneos;
				SUPPORTED_PLATFORMS = "iphonesimulator iphoneos";
				SWIFT_EMIT_LOC_STRINGS = YES;
				SWIFT_VERSION = 5.0;
				TARGETED_DEVICE_FAMILY = "1,2";
			};
			name = Release;
		};
		1F7B6C5A2B5C400A00D9B001 /* Debug */ = {
			isa = XCBuildConfiguration;
			buildSettings = {
				ASSETCATALOG_COMPILER_APPICON_NAME = AppIcon;
				ASSETCATALOG_COMPILER_GLOBAL_ACCENT_COLOR_NAME = AccentColor;
				CODE_SIGN_STYLE = Automatic;
				DEVELOPMENT_TEAM = "";
				INFOPLIST_FILE = SwiftHiltDemo_iOS/Info.plist;
				LD_RUNPATH_SEARCH_PATHS = (
					"$(inherited)",
					"@executable_path/Frameworks",
				);
				PRODUCT_BUNDLE_IDENTIFIER = com.example.SwiftHiltDemoiOS;
				PRODUCT_NAME = "$(TARGET_NAME)";
				SWIFT_VERSION = 5.0;
			};
			name = Debug;
		};
		1F7B6C5B2B5C400A00D9B001 /* Release */ = {
			isa = XCBuildConfiguration;
			buildSettings = {
				ASSETCATALOG_COMPILER_APPICON_NAME = AppIcon;
				ASSETCATALOG_COMPILER_GLOBAL_ACCENT_COLOR_NAME = AccentColor;
				CODE_SIGN_STYLE = Automatic;
				DEVELOPMENT_TEAM = "";
				INFOPLIST_FILE = SwiftHiltDemo_iOS/Info.plist;
				LD_RUNPATH_SEARCH_PATHS = (
					"$(inherited)",
					"@executable_path/Frameworks",
				);
				PRODUCT_BUNDLE_IDENTIFIER = com.example.SwiftHiltDemoiOS;
				PRODUCT_NAME = "$(TARGET_NAME)";
				SWIFT_VERSION = 5.0;
			};
			name = Release;
		};
/* End XCBuildConfiguration section */

/* Begin XCConfigurationList section */
		1F7B6C462B5C400A00D9B001 /* Build configuration list for PBXProject "SwiftHiltDemo_iOS" */ = {
			isa = XCConfigurationList;
			buildConfigurations = (
				1F7B6C572B5C400A00D9B001 /* Debug */,
				1F7B6C582B5C400A00D9B001 /* Release */,
			);
			defaultConfigurationIsVisible = 0;
			defaultConfigurationName = Release;
		};
		1F7B6C592B5C400A00D9B001 /* Build configuration list for PBXNativeTarget "SwiftHiltDemo_iOS" */ = {
			isa = XCConfigurationList;
			buildConfigurations = (
				1F7B6C5A2B5C400A00D9B001 /* Debug */,
				1F7B6C5B2B5C400A00D9B001 /* Release */,
			);
			defaultConfigurationIsVisible = 0;
			defaultConfigurationName = Release;
		};
/* End XCConfigurationList section */

/* Begin XCLocalSwiftPackageReference section */
/* End XCLocalSwiftPackageReference section */
	};
	rootObject = 1F7B6C432B5C400A00D9B001 /* Project object */;
}
